PODS:
  - Ads-CN-Beta (6.0.0.1):
    - Ads-CN-Beta/BUAdSDK (= 6.0.0.1)
  - Ads-CN-Beta/BUAdSDK (6.0.0.1)
  - Bugly (2.5.93)
  - NimbleKit (2.1)
  - RxCocoa (6.6.0):
    - RxRelay (= 6.6.0)
    - RxSwift (= 6.6.0)
  - RxRelay (6.6.0):
    - RxSwift (= 6.6.0)
  - RxSwift (6.6.0)
  - SnapKit (5.7.1)
  - SwiftDate (7.0.0)
  - SwiftyNotification (1.3.1)

DEPENDENCIES:
  - Ads-CN-Beta
  - Bugly (= 2.5.93)
  - NimbleKit
  - RxCocoa (= 6.6.0)
  - RxSwift (= 6.6.0)
  - SnapKit
  - SwiftDate
  - SwiftyNotification

SPEC REPOS:
  trunk:
    - Ads-CN-Beta
    - Bugly
    - NimbleKit
    - RxCocoa
    - RxRelay
    - RxSwift
    - SnapKit
    - SwiftDate
    - SwiftyNotification

SPEC CHECKSUMS:
  Ads-CN-Beta: a23c8b868e1074adb46d65c682ef67b441421e67
  Bugly: b8715e6ec4004b7f7fbffab0643ba80545aee3da
  NimbleKit: fc0c4d88eece0fc61f0a32c5e3a605c1fd1d30c0
  RxCocoa: 44a80de90e25b739b5aeaae3c8c371a32e3343cc
  RxRelay: 45eaa5db8ee4fb50e5ebd57deec0159e97fa51e6
  RxSwift: a4b44f7d24599f674deebd1818eab82e58410632
  SnapKit: d612e99e678a2d3b95bf60b0705ed0a35c03484a
  SwiftDate: bbc26e26fc8c0c33fbee8c140c5e8a68293a148a
  SwiftyNotification: 97bc51087f1cb0decd8866183b45d9fed15aa0c7

PODFILE CHECKSUM: d62b92d471d95b23d7ec1ebc6ba2bca901e835bb

COCOAPODS: 1.14.3
